
Microsoft Visual Studio Solution File, Format Version 12.00
# Visual Studio Version 17
VisualStudioVersion = 17.3.32804.467
MinimumVisualStudioVersion = 10.0.40219.1
Project("{FAE04EC0-301F-11D3-BF4B-00C04F79EFBC}") = "WPF_211_JumabekovDarkhan_5_1", "WPF_211_JumabekovDarkhan_5_1\WPF_211_JumabekovDarkhan_5_1.csproj", "{A2444F04-ECEB-482B-8B14-15B78E1BCC68}"
EndProject
Global
	GlobalSection(SolutionConfigurationPlatforms) = preSolution
		Debug|Any CPU = Debug|Any CPU
		Release|Any CPU = Release|Any CPU
	EndGlobalSection
	GlobalSection(ProjectConfigurationPlatforms) = postSolution
		{A2444F04-ECEB-482B-8B14-15B78E1BCC68}.Debug|Any CPU.ActiveCfg = Debug|Any CPU
		{A2444F04-ECEB-482B-8B14-15B78E1BCC68}.Debug|Any CPU.Build.0 = Debug|Any CPU
		{A2444F04-ECEB-482B-8B14-15B78E1BCC68}.Release|Any CPU.ActiveCfg = Release|Any CPU
		{A2444F04-ECEB-482B-8B14-15B78E1BCC68}.Release|Any CPU.Build.0 = Release|Any CPU
	EndGlobalSection
	GlobalSection(SolutionProperties) = preSolution
		HideSolutionNode = FALSE
	EndGlobalSection
	GlobalSection(ExtensibilityGlobals) = postSolution
		SolutionGuid = {1017A65B-8E0F-4D51-BAF4-F28CCA30E176}
	EndGlobalSection
EndGlobal
